
Microsoft Visual Studio Solution File, Format Version 12.00
# Visual Studio Version 17
VisualStudioVersion = 17.0.31903.59
MinimumVisualStudioVersion = 10.0.40219.1
Project("{FAE04EC0-301F-11D3-BF4B-00C04F79EFBC}") = "BeckhoffHMI", "BeckhoffHMI\BeckhoffHMI.csproj", "{A926CD99-8EA7-416F-B924-89495107F88E}"
EndProject
Global
	GlobalSection(SolutionConfigurationPlatforms) = preSolution
		Debug|Any CPU = Debug|Any CPU
		Release|Any CPU = Release|Any CPU
	EndGlobalSection
	GlobalSection(SolutionProperties) = preSolution
		HideSolutionNode = FALSE
	EndGlobalSection
	GlobalSection(ProjectConfigurationPlatforms) = postSolution
		{A926CD99-8EA7-416F-B924-89495107F88E}.Debug|Any CPU.ActiveCfg = Debug|Any CPU
		{A926CD99-8EA7-416F-B924-89495107F88E}.Debug|Any CPU.Build.0 = Debug|Any CPU
		{A926CD99-8EA7-416F-B924-89495107F88E}.Release|Any CPU.ActiveCfg = Release|Any CPU
		{A926CD99-8EA7-416F-B924-89495107F88E}.Release|Any CPU.Build.0 = Release|Any CPU
	EndGlobalSection
EndGlobal
